
Microsoft Visual Studio Solution File, Format Version 12.00
# Visual Studio Version 16
VisualStudioVersion = 16.0.30503.244
MinimumVisualStudioVersion = 10.0.40219.1
Project("{8BC9CEB8-8B4A-11D0-8D11-00A0C91BC942}") = "repository W.8", "repository W.8\repository W.8.vcxproj", "{B23E3A08-2473-496A-9ADC-BBA617E24BAF}"
EndProject
Global
	GlobalSection(SolutionConfigurationPlatforms) = preSolution
		Debug|x64 = Debug|x64
		Debug|x86 = Debug|x86
		Release|x64 = Release|x64
		Release|x86 = Release|x86
	EndGlobalSection
	GlobalSection(ProjectConfigurationPlatforms) = postSolution
		{B23E3A08-2473-496A-9ADC-BBA617E24BAF}.Debug|x64.ActiveCfg = Debug|x64
		{B23E3A08-2473-496A-9ADC-BBA617E24BAF}.Debug|x64.Build.0 = Debug|x64
		{B23E3A08-2473-496A-9ADC-BBA617E24BAF}.Debug|x86.ActiveCfg = Debug|Win32
		{B23E3A08-2473-496A-9ADC-BBA617E24BAF}.Debug|x86.Build.0 = Debug|Win32
		{B23E3A08-2473-496A-9ADC-BBA617E24BAF}.Release|x64.ActiveCfg = Release|x64
		{B23E3A08-2473-496A-9ADC-BBA617E24BAF}.Release|x64.Build.0 = Release|x64
		{B23E3A08-2473-496A-9ADC-BBA617E24BAF}.Release|x86.ActiveCfg = Release|Win32
		{B23E3A08-2473-496A-9ADC-BBA617E24BAF}.Release|x86.Build.0 = Release|Win32
	EndGlobalSection
	GlobalSection(SolutionProperties) = preSolution
		HideSolutionNode = FALSE
	EndGlobalSection
	GlobalSection(ExtensibilityGlobals) = postSolution
		SolutionGuid = {563ADAA3-497A-4AA0-98AB-04C842F42357}
	EndGlobalSection
EndGlobal
